
Microsoft Visual Studio Solution File, Format Version 12.00
# Visual Studio Version 16
VisualStudioVersion = 16.0.29102.190
MinimumVisualStudioVersion = 10.0.40219.1
Project("{FAE04EC0-301F-11D3-BF4B-00C04F79EFBC}") = "StructureEnumCollection", "StructureEnumCollection\StructureEnumCollection.csproj", "{6838CED0-1C60-4F1C-9F1F-E18D9F95129F}"
EndProject
Global
	GlobalSection(SolutionConfigurationPlatforms) = preSolution
		Debug|Any CPU = Debug|Any CPU
		Release|Any CPU = Release|Any CPU
	EndGlobalSection
	GlobalSection(ProjectConfigurationPlatforms) = postSolution
		{6838CED0-1C60-4F1C-9F1F-E18D9F95129F}.Debug|Any CPU.ActiveCfg = Debug|Any CPU
		{6838CED0-1C60-4F1C-9F1F-E18D9F95129F}.Debug|Any CPU.Build.0 = Debug|Any CPU
		{6838CED0-1C60-4F1C-9F1F-E18D9F95129F}.Release|Any CPU.ActiveCfg = Release|Any CPU
		{6838CED0-1C60-4F1C-9F1F-E18D9F95129F}.Release|Any CPU.Build.0 = Release|Any CPU
	EndGlobalSection
	GlobalSection(SolutionProperties) = preSolution
		HideSolutionNode = FALSE
	EndGlobalSection
	GlobalSection(ExtensibilityGlobals) = postSolution
		SolutionGuid = {822BA550-93A5-4EC6-808B-084D3B1083AB}
	EndGlobalSection
EndGlobal
